<?xml version="1.0" encoding="utf-8"?>
<Project ToolsVersion="4.0" xmlns="http://schemas.microsoft.com/developer/msbuild/2003">
  <ItemGroup>
    <Filter Include="Source Files">
      <UniqueIdentifier>{4FC737F1-C7A5-4376-A066-2A32D752A2FF}</UniqueIdentifier>
      <Extensions>cpp;c;cc;cxx;def;odl;idl;hpj;bat;asm;asmx</Extensions>
    </Filter>
    <Filter Include="Header Files">
      <UniqueIdentifier>{93995380-89BD-4b04-88EB-625FBE52EBFB}</UniqueIdentifier>
      <Extensions>h;hh;hpp;hxx;hm;inl;inc;xsd</Extensions>
    </Filter>
    <Filter Include="Resource Files">
      <UniqueIdentifier>{67DA6AB6-F800-4c08-8B7A-83BB121AAD01}</UniqueIdentifier>
      <Extensions>rc;ico;cur;bmp;dlg;rc2;rct;bin;rgs;gif;jpg;jpeg;jpe;resx;tiff;tif;png;wav;mfcribbon-ms</Extensions>
    </Filter>
  </ItemGroup>
  <ItemGroup>
    <ClCompile Include="Utils\Log.cpp">
      <Filter>Source Files</Filter>
    </ClCompile>
    <ClCompile Include="SteamApiBase.cpp">
      <Filter>Source Files</Filter>
    </ClCompile>
    <ClCompile Include="Steam\Steam_API.cpp">
      <Filter>Source Files</Filter>
    </ClCompile>
    <ClCompile Include="Steam\SteamCallback.cpp">
      <Filter>Source Files</Filter>
    </ClCompile>
    <ClCompile Include="Steam\Classes\ProxiedApps.cpp">
      <Filter>Source Files</Filter>
    </ClCompile>
    <ClCompile Include="Steam\Classes\ProxiedFriends.cpp">
      <Filter>Source Files</Filter>
    </ClCompile>
    <ClCompile Include="Steam\Classes\ProxiedGameServer.cpp">
      <Filter>Source Files</Filter>
    </ClCompile>
    <ClCompile Include="Steam\Classes\ProxiedMatchmaking.cpp">
      <Filter>Source Files</Filter>
    </ClCompile>
    <ClCompile Include="Steam\Classes\ProxiedNetworking.cpp">
      <Filter>Source Files</Filter>
    </ClCompile>
    <ClCompile Include="Steam\Classes\ProxiedUser.cpp">
      <Filter>Source Files</Filter>
    </ClCompile>
    <ClCompile Include="Steam\Classes\ProxiedUserStats.cpp">
      <Filter>Source Files</Filter>
    </ClCompile>
    <ClCompile Include="Steam\Classes\ProxiedUtils.cpp">
      <Filter>Source Files</Filter>
    </ClCompile>
    <ClCompile Include="Steam\SteamWrappers\SteamApps.cpp">
      <Filter>Source Files</Filter>
    </ClCompile>
    <ClCompile Include="Steam\SteamWrappers\SteamFriends.cpp">
      <Filter>Source Files</Filter>
    </ClCompile>
    <ClCompile Include="Steam\SteamWrappers\SteamGameServer.cpp">
      <Filter>Source Files</Filter>
    </ClCompile>
    <ClCompile Include="Steam\SteamWrappers\SteamMatchmaking.cpp">
      <Filter>Source Files</Filter>
    </ClCompile>
    <ClCompile Include="Steam\SteamWrappers\SteamNetworking.cpp">
      <Filter>Source Files</Filter>
    </ClCompile>
    <ClCompile Include="Steam\SteamWrappers\SteamUser.cpp">
      <Filter>Source Files</Filter>
    </ClCompile>
    <ClCompile Include="Steam\SteamWrappers\SteamUserStats.cpp">
      <Filter>Source Files</Filter>
    </ClCompile>
    <ClCompile Include="Steam\SteamWrappers\SteamUtils.cpp">
      <Filter>Source Files</Filter>
    </ClCompile>
    <ClCompile Include="Steam\SteamCommon.cpp">
      <Filter>Source Files</Filter>
    </ClCompile>
    <ClCompile Include="External\GlobalVariables.cpp">
      <Filter>Source Files</Filter>
    </ClCompile>
    <ClCompile Include="Steam\SteamWrappers\SteamClient.cpp">
      <Filter>Source Files</Filter>
    </ClCompile>
    <ClCompile Include="Steam\Classes\ProxiedClient.cpp">
      <Filter>Source Files</Filter>
    </ClCompile>
    <ClCompile Include="Steam\Classes\ProxiedContentServer.cpp">
      <Filter>Source Files</Filter>
    </ClCompile>
    <ClCompile Include="Steam\Classes\ProxiedGameCoordinator.cpp">
      <Filter>Source Files</Filter>
    </ClCompile>
    <ClCompile Include="Steam\Classes\ProxiedGameServerStats.cpp">
      <Filter>Source Files</Filter>
    </ClCompile>
    <ClCompile Include="Steam\Classes\ProxiedGameStats.cpp">
      <Filter>Source Files</Filter>
    </ClCompile>
    <ClCompile Include="Steam\Classes\ProxiedHTTP.cpp">
      <Filter>Source Files</Filter>
    </ClCompile>
    <ClCompile Include="Steam\Classes\ProxiedMasterServerUpdater.cpp">
      <Filter>Source Files</Filter>
    </ClCompile>
    <ClCompile Include="Steam\Classes\ProxiedMatchmakingServers.cpp">
      <Filter>Source Files</Filter>
    </ClCompile>
    <ClCompile Include="Steam\Classes\ProxiedRemoteStorage.cpp">
      <Filter>Source Files</Filter>
    </ClCompile>
    <ClCompile Include="Steam\SteamWrappers\SteamContentServer.cpp">
      <Filter>Source Files</Filter>
    </ClCompile>
    <ClCompile Include="Steam\SteamWrappers\SteamGameCoordinator.cpp">
      <Filter>Source Files</Filter>
    </ClCompile>
    <ClCompile Include="Steam\SteamWrappers\SteamGameServerStats.cpp">
      <Filter>Source Files</Filter>
    </ClCompile>
    <ClCompile Include="Steam\SteamWrappers\SteamGameStats.cpp">
      <Filter>Source Files</Filter>
    </ClCompile>
    <ClCompile Include="Steam\SteamWrappers\SteamHTTP.cpp">
      <Filter>Source Files</Filter>
    </ClCompile>
    <ClCompile Include="Steam\SteamWrappers\SteamMasterServerUpdater.cpp">
      <Filter>Source Files</Filter>
    </ClCompile>
    <ClCompile Include="Steam\SteamWrappers\SteamMatchmakingServers.cpp">
      <Filter>Source Files</Filter>
    </ClCompile>
    <ClCompile Include="Steam\SteamWrappers\SteamRemoteStorage.cpp">
      <Filter>Source Files</Filter>
    </ClCompile>
    <ClCompile Include="Steam\InterfaceManager.cpp">
      <Filter>Source Files</Filter>
    </ClCompile>
  </ItemGroup>
  <ItemGroup>
    <ClInclude Include="Utils\Log.h">
      <Filter>Header Files</Filter>
    </ClInclude>
    <ClInclude Include="STDInc.h">
      <Filter>Header Files</Filter>
    </ClInclude>
    <ClInclude Include="Steam\Steam.h">
      <Filter>Header Files</Filter>
    </ClInclude>
    <ClInclude Include="Steam\SteamCallback.h">
      <Filter>Header Files</Filter>
    </ClInclude>
    <ClInclude Include="Steam\Classes\ProxiedApps.h">
      <Filter>Header Files</Filter>
    </ClInclude>
    <ClInclude Include="Steam\Classes\ProxiedClasses.h">
      <Filter>Header Files</Filter>
    </ClInclude>
    <ClInclude Include="Steam\Classes\ProxiedFriends.h">
      <Filter>Header Files</Filter>
    </ClInclude>
    <ClInclude Include="Steam\Classes\ProxiedGameServer.h">
      <Filter>Header Files</Filter>
    </ClInclude>
    <ClInclude Include="Steam\Classes\ProxiedMatchmaking.h">
      <Filter>Header Files</Filter>
    </ClInclude>
    <ClInclude Include="Steam\Classes\ProxiedNetworking.h">
      <Filter>Header Files</Filter>
    </ClInclude>
    <ClInclude Include="Steam\Classes\ProxiedUser.h">
      <Filter>Header Files</Filter>
    </ClInclude>
    <ClInclude Include="Steam\Classes\ProxiedUserStats.h">
      <Filter>Header Files</Filter>
    </ClInclude>
    <ClInclude Include="Steam\Classes\ProxiedUtils.h">
      <Filter>Header Files</Filter>
    </ClInclude>
    <ClInclude Include="Steam\Common\AppsCommon.h">
      <Filter>Header Files</Filter>
    </ClInclude>
    <ClInclude Include="Steam\Common\AppTicketCommon.h">
      <Filter>Header Files</Filter>
    </ClInclude>
    <ClInclude Include="Steam\Common\BillingCommon.h">
      <Filter>Header Files</Filter>
    </ClInclude>
    <ClInclude Include="Steam\Common\BridgeCommon.h">
      <Filter>Header Files</Filter>
    </ClInclude>
    <ClInclude Include="Steam\Common\ClientCommon.h">
      <Filter>Header Files</Filter>
    </ClInclude>
    <ClInclude Include="Steam\Common\ContentServerCommon.h">
      <Filter>Header Files</Filter>
    </ClInclude>
    <ClInclude Include="Steam\Common\ControllerCommon.h">
      <Filter>Header Files</Filter>
    </ClInclude>
    <ClInclude Include="Steam\Common\FriendCommon.h">
      <Filter>Header Files</Filter>
    </ClInclude>
    <ClInclude Include="Steam\Common\FriendsCommon.h">
      <Filter>Header Files</Filter>
    </ClInclude>
    <ClInclude Include="Steam\Common\GameCoordinatorCommon.h">
      <Filter>Header Files</Filter>
    </ClInclude>
    <ClInclude Include="Steam\Common\GameServerCommon.h">
      <Filter>Header Files</Filter>
    </ClInclude>
    <ClInclude Include="Steam\Common\GameServerStatsCommon.h">
      <Filter>Header Files</Filter>
    </ClInclude>
    <ClInclude Include="Steam\Common\GameStatsCommon.h">
      <Filter>Header Files</Filter>
    </ClInclude>
    <ClInclude Include="Steam\Common\HTTPCommon.h">
      <Filter>Header Files</Filter>
    </ClInclude>
    <ClInclude Include="Steam\Common\MasterServerUpdaterCommon.h">
      <Filter>Header Files</Filter>
    </ClInclude>
    <ClInclude Include="Steam\Common\MatchmakingCommon.h">
      <Filter>Header Files</Filter>
    </ClInclude>
    <ClInclude Include="Steam\Common\MatchmakingServersCommon.h">
      <Filter>Header Files</Filter>
    </ClInclude>
    <ClInclude Include="Steam\Common\MusicCommon.h">
      <Filter>Header Files</Filter>
    </ClInclude>
    <ClInclude Include="Steam\Common\NetworkingCommon.h">
      <Filter>Header Files</Filter>
    </ClInclude>
    <ClInclude Include="Steam\Common\OAuthCommon.h">
      <Filter>Header Files</Filter>
    </ClInclude>
    <ClInclude Include="Steam\Common\RemoteStorageCommon.h">
      <Filter>Header Files</Filter>
    </ClInclude>
    <ClInclude Include="Steam\Common\ScreenshotsCommon.h">
      <Filter>Header Files</Filter>
    </ClInclude>
    <ClInclude Include="Steam\Common\StreamLauncherCommon.h">
      <Filter>Header Files</Filter>
    </ClInclude>
    <ClInclude Include="Steam\Common\UGCCommon.h">
      <Filter>Header Files</Filter>
    </ClInclude>
    <ClInclude Include="Steam\Common\UnifiedMessagesCommon.h">
      <Filter>Header Files</Filter>
    </ClInclude>
    <ClInclude Include="Steam\Common\UserCommon.h">
      <Filter>Header Files</Filter>
    </ClInclude>
    <ClInclude Include="Steam\Common\UserStatsCommon.h">
      <Filter>Header Files</Filter>
    </ClInclude>
    <ClInclude Include="Steam\Common\UtilsCommon.h">
      <Filter>Header Files</Filter>
    </ClInclude>
    <ClInclude Include="Steam\Interfaces\IClientAppManager.h">
      <Filter>Header Files</Filter>
    </ClInclude>
    <ClInclude Include="Steam\Interfaces\IClientApps.h">
      <Filter>Header Files</Filter>
    </ClInclude>
    <ClInclude Include="Steam\Interfaces\IClientAudio.h">
      <Filter>Header Files</Filter>
    </ClInclude>
    <ClInclude Include="Steam\Interfaces\IClientBilling.h">
      <Filter>Header Files</Filter>
    </ClInclude>
    <ClInclude Include="Steam\Interfaces\IClientConfigStore.h">
      <Filter>Header Files</Filter>
    </ClInclude>
    <ClInclude Include="Steam\Interfaces\IClientContentServer.h">
      <Filter>Header Files</Filter>
    </ClInclude>
    <ClInclude Include="Steam\Interfaces\IClientDepotBuilder.h">
      <Filter>Header Files</Filter>
    </ClInclude>
    <ClInclude Include="Steam\Interfaces\IClientDeviceAuth.h">
      <Filter>Header Files</Filter>
    </ClInclude>
    <ClInclude Include="Steam\Interfaces\IClientEngine.h">
      <Filter>Header Files</Filter>
    </ClInclude>
    <ClInclude Include="Steam\Interfaces\IClientFriends.h">
      <Filter>Header Files</Filter>
    </ClInclude>
    <ClInclude Include="Steam\Interfaces\IClientGameCoordinator.h">
      <Filter>Header Files</Filter>
    </ClInclude>
    <ClInclude Include="Steam\Interfaces\IClientGameServer.h">
      <Filter>Header Files</Filter>
    </ClInclude>
    <ClInclude Include="Steam\Interfaces\IClientGameServerStats.h">
      <Filter>Header Files</Filter>
    </ClInclude>
    <ClInclude Include="Steam\Interfaces\IClientGameStats.h">
      <Filter>Header Files</Filter>
    </ClInclude>
    <ClInclude Include="Steam\Interfaces\IClientHTTP.h">
      <Filter>Header Files</Filter>
    </ClInclude>
    <ClInclude Include="Steam\Interfaces\IClientMasterServerUpdater.h">
      <Filter>Header Files</Filter>
    </ClInclude>
    <ClInclude Include="Steam\Interfaces\IClientMatchmaking.h">
      <Filter>Header Files</Filter>
    </ClInclude>
    <ClInclude Include="Steam\Interfaces\IClientMatchmakingServers.h">
      <Filter>Header Files</Filter>
    </ClInclude>
    <ClInclude Include="Steam\Interfaces\IClientMusic.h">
      <Filter>Header Files</Filter>
    </ClInclude>
    <ClInclude Include="Steam\Interfaces\IClientNetworkDeviceManager.h">
      <Filter>Header Files</Filter>
    </ClInclude>
    <ClInclude Include="Steam\Interfaces\IClientNetworking.h">
      <Filter>Header Files</Filter>
    </ClInclude>
    <ClInclude Include="Steam\Interfaces\IClientProductBuilder.h">
      <Filter>Header Files</Filter>
    </ClInclude>
    <ClInclude Include="Steam\Interfaces\IClientRemoteStorage.h">
      <Filter>Header Files</Filter>
    </ClInclude>
    <ClInclude Include="Steam\Interfaces\IClientScreenshots.h">
      <Filter>Header Files</Filter>
    </ClInclude>
    <ClInclude Include="Steam\Interfaces\IClientShortcuts.h">
      <Filter>Header Files</Filter>
    </ClInclude>
    <ClInclude Include="Steam\Interfaces\IClientStreamClient.h">
      <Filter>Header Files</Filter>
    </ClInclude>
    <ClInclude Include="Steam\Interfaces\IClientStreamLauncher.h">
      <Filter>Header Files</Filter>
    </ClInclude>
    <ClInclude Include="Steam\Interfaces\IClientUGC.h">
      <Filter>Header Files</Filter>
    </ClInclude>
    <ClInclude Include="Steam\Interfaces\IClientUnifiedMessages.h">
      <Filter>Header Files</Filter>
    </ClInclude>
    <ClInclude Include="Steam\Interfaces\IClientUser.h">
      <Filter>Header Files</Filter>
    </ClInclude>
    <ClInclude Include="Steam\Interfaces\IClientUserStats.h">
      <Filter>Header Files</Filter>
    </ClInclude>
    <ClInclude Include="Steam\Interfaces\IClientUtils.h">
      <Filter>Header Files</Filter>
    </ClInclude>
    <ClInclude Include="Steam\Interfaces\Interface_OSW.h">
      <Filter>Header Files</Filter>
    </ClInclude>
    <ClInclude Include="Steam\Interfaces\ISteam2Bridge001.h">
      <Filter>Header Files</Filter>
    </ClInclude>
    <ClInclude Include="Steam\Interfaces\ISteam2Bridge002.h">
      <Filter>Header Files</Filter>
    </ClInclude>
    <ClInclude Include="Steam\Interfaces\ISteam003.h">
      <Filter>Header Files</Filter>
    </ClInclude>
    <ClInclude Include="Steam\Interfaces\ISteam004.h">
      <Filter>Header Files</Filter>
    </ClInclude>
    <ClInclude Include="Steam\Interfaces\ISteam005.h">
      <Filter>Header Files</Filter>
    </ClInclude>
    <ClInclude Include="Steam\Interfaces\ISteam006.h">
      <Filter>Header Files</Filter>
    </ClInclude>
    <ClInclude Include="Steam\Interfaces\ISteamAppList001.h">
      <Filter>Header Files</Filter>
    </ClInclude>
    <ClInclude Include="Steam\Interfaces\ISteamApps001.h">
      <Filter>Header Files</Filter>
    </ClInclude>
    <ClInclude Include="Steam\Interfaces\ISteamApps002.h">
      <Filter>Header Files</Filter>
    </ClInclude>
    <ClInclude Include="Steam\Interfaces\ISteamApps003.h">
      <Filter>Header Files</Filter>
    </ClInclude>
    <ClInclude Include="Steam\Interfaces\ISteamApps004.h">
      <Filter>Header Files</Filter>
    </ClInclude>
    <ClInclude Include="Steam\Interfaces\ISteamApps005.h">
      <Filter>Header Files</Filter>
    </ClInclude>
    <ClInclude Include="Steam\Interfaces\ISteamApps006.h">
      <Filter>Header Files</Filter>
    </ClInclude>
    <ClInclude Include="Steam\Interfaces\ISteamAppTicket001.h">
      <Filter>Header Files</Filter>
    </ClInclude>
    <ClInclude Include="Steam\Interfaces\ISteamBilling001.h">
      <Filter>Header Files</Filter>
    </ClInclude>
    <ClInclude Include="Steam\Interfaces\ISteamBilling002.h">
      <Filter>Header Files</Filter>
    </ClInclude>
    <ClInclude Include="Steam\Interfaces\ISteamClient006.h">
      <Filter>Header Files</Filter>
    </ClInclude>
    <ClInclude Include="Steam\Interfaces\ISteamClient007.h">
      <Filter>Header Files</Filter>
    </ClInclude>
    <ClInclude Include="Steam\Interfaces\ISteamClient008.h">
      <Filter>Header Files</Filter>
    </ClInclude>
    <ClInclude Include="Steam\Interfaces\ISteamClient009.h">
      <Filter>Header Files</Filter>
    </ClInclude>
    <ClInclude Include="Steam\Interfaces\ISteamClient010.h">
      <Filter>Header Files</Filter>
    </ClInclude>
    <ClInclude Include="Steam\Interfaces\ISteamClient011.h">
      <Filter>Header Files</Filter>
    </ClInclude>
    <ClInclude Include="Steam\Interfaces\ISteamClient012.h">
      <Filter>Header Files</Filter>
    </ClInclude>
    <ClInclude Include="Steam\Interfaces\ISteamContentServer001.h">
      <Filter>Header Files</Filter>
    </ClInclude>
    <ClInclude Include="Steam\Interfaces\ISteamContentServer002.h">
      <Filter>Header Files</Filter>
    </ClInclude>
    <ClInclude Include="Steam\Interfaces\ISteamController001.h">
      <Filter>Header Files</Filter>
    </ClInclude>
    <ClInclude Include="Steam\Interfaces\ISteamFriends001.h">
      <Filter>Header Files</Filter>
    </ClInclude>
    <ClInclude Include="Steam\Interfaces\ISteamFriends002.h">
      <Filter>Header Files</Filter>
    </ClInclude>
    <ClInclude Include="Steam\Interfaces\ISteamFriends003.h">
      <Filter>Header Files</Filter>
    </ClInclude>
    <ClInclude Include="Steam\Interfaces\ISteamFriends004.h">
      <Filter>Header Files</Filter>
    </ClInclude>
    <ClInclude Include="Steam\Interfaces\ISteamFriends005.h">
      <Filter>Header Files</Filter>
    </ClInclude>
    <ClInclude Include="Steam\Interfaces\ISteamFriends006.h">
      <Filter>Header Files</Filter>
    </ClInclude>
    <ClInclude Include="Steam\Interfaces\ISteamFriends007.h">
      <Filter>Header Files</Filter>
    </ClInclude>
    <ClInclude Include="Steam\Interfaces\ISteamFriends008.h">
      <Filter>Header Files</Filter>
    </ClInclude>
    <ClInclude Include="Steam\Interfaces\ISteamFriends009.h">
      <Filter>Header Files</Filter>
    </ClInclude>
    <ClInclude Include="Steam\Interfaces\ISteamFriends010.h">
      <Filter>Header Files</Filter>
    </ClInclude>
    <ClInclude Include="Steam\Interfaces\ISteamFriends011.h">
      <Filter>Header Files</Filter>
    </ClInclude>
    <ClInclude Include="Steam\Interfaces\ISteamFriends012.h">
      <Filter>Header Files</Filter>
    </ClInclude>
    <ClInclude Include="Steam\Interfaces\ISteamFriends013.h">
      <Filter>Header Files</Filter>
    </ClInclude>
    <ClInclude Include="Steam\Interfaces\ISteamFriends014.h">
      <Filter>Header Files</Filter>
    </ClInclude>
    <ClInclude Include="Steam\Interfaces\ISteamGameCoordinator001.h">
      <Filter>Header Files</Filter>
    </ClInclude>
    <ClInclude Include="Steam\Interfaces\ISteamGameServer002.h">
      <Filter>Header Files</Filter>
    </ClInclude>
    <ClInclude Include="Steam\Interfaces\ISteamGameServer003.h">
      <Filter>Header Files</Filter>
    </ClInclude>
    <ClInclude Include="Steam\Interfaces\ISteamGameServer004.h">
      <Filter>Header Files</Filter>
    </ClInclude>
    <ClInclude Include="Steam\Interfaces\ISteamGameServer005.h">
      <Filter>Header Files</Filter>
    </ClInclude>
    <ClInclude Include="Steam\Interfaces\ISteamGameServer006.h">
      <Filter>Header Files</Filter>
    </ClInclude>
    <ClInclude Include="Steam\Interfaces\ISteamGameServer007.h">
      <Filter>Header Files</Filter>
    </ClInclude>
    <ClInclude Include="Steam\Interfaces\ISteamGameServer008.h">
      <Filter>Header Files</Filter>
    </ClInclude>
    <ClInclude Include="Steam\Interfaces\ISteamGameServer009.h">
      <Filter>Header Files</Filter>
    </ClInclude>
    <ClInclude Include="Steam\Interfaces\ISteamGameServer010.h">
      <Filter>Header Files</Filter>
    </ClInclude>
    <ClInclude Include="Steam\Interfaces\ISteamGameServer011.h">
      <Filter>Header Files</Filter>
    </ClInclude>
    <ClInclude Include="Steam\Interfaces\ISteamGameServer012.h">
      <Filter>Header Files</Filter>
    </ClInclude>
    <ClInclude Include="Steam\Interfaces\ISteamGameServerStats001.h">
      <Filter>Header Files</Filter>
    </ClInclude>
    <ClInclude Include="Steam\Interfaces\ISteamGameStats001.h">
      <Filter>Header Files</Filter>
    </ClInclude>
    <ClInclude Include="Steam\Interfaces\ISteamHTTP001.h">
      <Filter>Header Files</Filter>
    </ClInclude>
    <ClInclude Include="Steam\Interfaces\ISteamHTTP002.h">
      <Filter>Header Files</Filter>
    </ClInclude>
    <ClInclude Include="Steam\Interfaces\ISteamMasterServerUpdater001.h">
      <Filter>Header Files</Filter>
    </ClInclude>
    <ClInclude Include="Steam\Interfaces\ISteamMatchmaking001.h">
      <Filter>Header Files</Filter>
    </ClInclude>
    <ClInclude Include="Steam\Interfaces\ISteamMatchmaking002.h">
      <Filter>Header Files</Filter>
    </ClInclude>
    <ClInclude Include="Steam\Interfaces\ISteamMatchmaking003.h">
      <Filter>Header Files</Filter>
    </ClInclude>
    <ClInclude Include="Steam\Interfaces\ISteamMatchmaking004.h">
      <Filter>Header Files</Filter>
    </ClInclude>
    <ClInclude Include="Steam\Interfaces\ISteamMatchmaking005.h">
      <Filter>Header Files</Filter>
    </ClInclude>
    <ClInclude Include="Steam\Interfaces\ISteamMatchmaking006.h">
      <Filter>Header Files</Filter>
    </ClInclude>
    <ClInclude Include="Steam\Interfaces\ISteamMatchmaking007.h">
      <Filter>Header Files</Filter>
    </ClInclude>
    <ClInclude Include="Steam\Interfaces\ISteamMatchmaking008.h">
      <Filter>Header Files</Filter>
    </ClInclude>
    <ClInclude Include="Steam\Interfaces\ISteamMatchmaking009.h">
      <Filter>Header Files</Filter>
    </ClInclude>
    <ClInclude Include="Steam\Interfaces\ISteamMatchmakingServers001.h">
      <Filter>Header Files</Filter>
    </ClInclude>
    <ClInclude Include="Steam\Interfaces\ISteamMatchmakingServers002.h">
      <Filter>Header Files</Filter>
    </ClInclude>
    <ClInclude Include="Steam\Interfaces\ISteamMusic001.h">
      <Filter>Header Files</Filter>
    </ClInclude>
    <ClInclude Include="Steam\Interfaces\ISteamNetworking001.h">
      <Filter>Header Files</Filter>
    </ClInclude>
    <ClInclude Include="Steam\Interfaces\ISteamNetworking002.h">
      <Filter>Header Files</Filter>
    </ClInclude>
    <ClInclude Include="Steam\Interfaces\ISteamNetworking003.h">
      <Filter>Header Files</Filter>
    </ClInclude>
    <ClInclude Include="Steam\Interfaces\ISteamNetworking004.h">
      <Filter>Header Files</Filter>
    </ClInclude>
    <ClInclude Include="Steam\Interfaces\ISteamNetworking005.h">
      <Filter>Header Files</Filter>
    </ClInclude>
    <ClInclude Include="Steam\Interfaces\ISteamOAuth001.h">
      <Filter>Header Files</Filter>
    </ClInclude>
    <ClInclude Include="Steam\Interfaces\ISteamRemoteStorage001.h">
      <Filter>Header Files</Filter>
    </ClInclude>
    <ClInclude Include="Steam\Interfaces\ISteamRemoteStorage002.h">
      <Filter>Header Files</Filter>
    </ClInclude>
    <ClInclude Include="Steam\Interfaces\ISteamRemoteStorage003.h">
      <Filter>Header Files</Filter>
    </ClInclude>
    <ClInclude Include="Steam\Interfaces\ISteamRemoteStorage004.h">
      <Filter>Header Files</Filter>
    </ClInclude>
    <ClInclude Include="Steam\Interfaces\ISteamRemoteStorage005.h">
      <Filter>Header Files</Filter>
    </ClInclude>
    <ClInclude Include="Steam\Interfaces\ISteamRemoteStorage006.h">
      <Filter>Header Files</Filter>
    </ClInclude>
    <ClInclude Include="Steam\Interfaces\ISteamRemoteStorage007.h">
      <Filter>Header Files</Filter>
    </ClInclude>
    <ClInclude Include="Steam\Interfaces\ISteamRemoteStorage008.h">
      <Filter>Header Files</Filter>
    </ClInclude>
    <ClInclude Include="Steam\Interfaces\ISteamRemoteStorage009.h">
      <Filter>Header Files</Filter>
    </ClInclude>
    <ClInclude Include="Steam\Interfaces\ISteamRemoteStorage010.h">
      <Filter>Header Files</Filter>
    </ClInclude>
    <ClInclude Include="Steam\Interfaces\ISteamRemoteStorage011.h">
      <Filter>Header Files</Filter>
    </ClInclude>
    <ClInclude Include="Steam\Interfaces\ISteamRemoteStorage012.h">
      <Filter>Header Files</Filter>
    </ClInclude>
    <ClInclude Include="Steam\Interfaces\ISteamScreenshots001.h">
      <Filter>Header Files</Filter>
    </ClInclude>
    <ClInclude Include="Steam\Interfaces\ISteamScreenshots002.h">
      <Filter>Header Files</Filter>
    </ClInclude>
    <ClInclude Include="Steam\Interfaces\ISteamStreamLauncher001.h">
      <Filter>Header Files</Filter>
    </ClInclude>
    <ClInclude Include="Steam\Interfaces\ISteamUGC001.h">
      <Filter>Header Files</Filter>
    </ClInclude>
    <ClInclude Include="Steam\Interfaces\ISteamUGC002.h">
      <Filter>Header Files</Filter>
    </ClInclude>
    <ClInclude Include="Steam\Interfaces\ISteamUnifiedMessages001.h">
      <Filter>Header Files</Filter>
    </ClInclude>
    <ClInclude Include="Steam\Interfaces\ISteamUser004.h">
      <Filter>Header Files</Filter>
    </ClInclude>
    <ClInclude Include="Steam\Interfaces\ISteamUser005.h">
      <Filter>Header Files</Filter>
    </ClInclude>
    <ClInclude Include="Steam\Interfaces\ISteamUser006.h">
      <Filter>Header Files</Filter>
    </ClInclude>
    <ClInclude Include="Steam\Interfaces\ISteamUser007.h">
      <Filter>Header Files</Filter>
    </ClInclude>
    <ClInclude Include="Steam\Interfaces\ISteamUser008.h">
      <Filter>Header Files</Filter>
    </ClInclude>
    <ClInclude Include="Steam\Interfaces\ISteamUser009.h">
      <Filter>Header Files</Filter>
    </ClInclude>
    <ClInclude Include="Steam\Interfaces\ISteamUser010.h">
      <Filter>Header Files</Filter>
    </ClInclude>
    <ClInclude Include="Steam\Interfaces\ISteamUser011.h">
      <Filter>Header Files</Filter>
    </ClInclude>
    <ClInclude Include="Steam\Interfaces\ISteamUser012.h">
      <Filter>Header Files</Filter>
    </ClInclude>
    <ClInclude Include="Steam\Interfaces\ISteamUser013.h">
      <Filter>Header Files</Filter>
    </ClInclude>
    <ClInclude Include="Steam\Interfaces\ISteamUser014.h">
      <Filter>Header Files</Filter>
    </ClInclude>
    <ClInclude Include="Steam\Interfaces\ISteamUser015.h">
      <Filter>Header Files</Filter>
    </ClInclude>
    <ClInclude Include="Steam\Interfaces\ISteamUser016.h">
      <Filter>Header Files</Filter>
    </ClInclude>
    <ClInclude Include="Steam\Interfaces\ISteamUser017.h">
      <Filter>Header Files</Filter>
    </ClInclude>
    <ClInclude Include="Steam\Interfaces\ISteamUserStats001.h">
      <Filter>Header Files</Filter>
    </ClInclude>
    <ClInclude Include="Steam\Interfaces\ISteamUserStats002.h">
      <Filter>Header Files</Filter>
    </ClInclude>
    <ClInclude Include="Steam\Interfaces\ISteamUserStats003.h">
      <Filter>Header Files</Filter>
    </ClInclude>
    <ClInclude Include="Steam\Interfaces\ISteamUserStats004.h">
      <Filter>Header Files</Filter>
    </ClInclude>
    <ClInclude Include="Steam\Interfaces\ISteamUserStats005.h">
      <Filter>Header Files</Filter>
    </ClInclude>
    <ClInclude Include="Steam\Interfaces\ISteamUserStats006.h">
      <Filter>Header Files</Filter>
    </ClInclude>
    <ClInclude Include="Steam\Interfaces\ISteamUserStats007.h">
      <Filter>Header Files</Filter>
    </ClInclude>
    <ClInclude Include="Steam\Interfaces\ISteamUserStats008.h">
      <Filter>Header Files</Filter>
    </ClInclude>
    <ClInclude Include="Steam\Interfaces\ISteamUserStats009.h">
      <Filter>Header Files</Filter>
    </ClInclude>
    <ClInclude Include="Steam\Interfaces\ISteamUserStats010.h">
      <Filter>Header Files</Filter>
    </ClInclude>
    <ClInclude Include="Steam\Interfaces\ISteamUserStats011.h">
      <Filter>Header Files</Filter>
    </ClInclude>
    <ClInclude Include="Steam\Interfaces\ISteamUtils001.h">
      <Filter>Header Files</Filter>
    </ClInclude>
    <ClInclude Include="Steam\Interfaces\ISteamUtils002.h">
      <Filter>Header Files</Filter>
    </ClInclude>
    <ClInclude Include="Steam\Interfaces\ISteamUtils003.h">
      <Filter>Header Files</Filter>
    </ClInclude>
    <ClInclude Include="Steam\Interfaces\ISteamUtils004.h">
      <Filter>Header Files</Filter>
    </ClInclude>
    <ClInclude Include="Steam\Interfaces\ISteamUtils005.h">
      <Filter>Header Files</Filter>
    </ClInclude>
    <ClInclude Include="Steam\Interfaces\ISteamUtils006.h">
      <Filter>Header Files</Filter>
    </ClInclude>
    <ClInclude Include="Steam\Interfaces\ISteamUtils007.h">
      <Filter>Header Files</Filter>
    </ClInclude>
    <ClInclude Include="Steam\Interfaces\SteamClient.h">
      <Filter>Header Files</Filter>
    </ClInclude>
    <ClInclude Include="Steam\SteamTypes\CGameID.h">
      <Filter>Header Files</Filter>
    </ClInclude>
    <ClInclude Include="Steam\SteamTypes\CSteamAPIContext.h">
      <Filter>Header Files</Filter>
    </ClInclude>
    <ClInclude Include="Steam\SteamTypes\CSteamID.h">
      <Filter>Header Files</Filter>
    </ClInclude>
    <ClInclude Include="Steam\SteamTypes\ECurrencyCode.h">
      <Filter>Header Files</Filter>
    </ClInclude>
    <ClInclude Include="Steam\SteamTypes\EResult.h">
      <Filter>Header Files</Filter>
    </ClInclude>
    <ClInclude Include="Steam\SteamTypes\ESteamAppUpdateStatsQueryType.h">
      <Filter>Header Files</Filter>
    </ClInclude>
    <ClInclude Include="Steam\SteamTypes\ESteamBufferMethod.h">
      <Filter>Header Files</Filter>
    </ClInclude>
    <ClInclude Include="Steam\SteamTypes\ESteamError.h">
      <Filter>Header Files</Filter>
    </ClInclude>
    <ClInclude Include="Steam\SteamTypes\ESteamFindFilter.h">
      <Filter>Header Files</Filter>
    </ClInclude>
    <ClInclude Include="Steam\SteamTypes\ESteamNotify.h">
      <Filter>Header Files</Filter>
    </ClInclude>
    <ClInclude Include="Steam\SteamTypes\ESteamPaymentCardType.h">
      <Filter>Header Files</Filter>
    </ClInclude>
    <ClInclude Include="Steam\SteamTypes\ESteamSeekMethod.h">
      <Filter>Header Files</Filter>
    </ClInclude>
    <ClInclude Include="Steam\SteamTypes\ESteamServerType.h">
      <Filter>Header Files</Filter>
    </ClInclude>
    <ClInclude Include="Steam\SteamTypes\ESteamSubscriptionBillingInfoType.h">
      <Filter>Header Files</Filter>
    </ClInclude>
    <ClInclude Include="Steam\SteamTypes\ESteamSubscriptionStatus.h">
      <Filter>Header Files</Filter>
    </ClInclude>
    <ClInclude Include="Steam\SteamTypes\EVoiceResult.h">
      <Filter>Header Files</Filter>
    </ClInclude>
    <ClInclude Include="Steam\SteamTypes\FriendGameInfo.h">
      <Filter>Header Files</Filter>
    </ClInclude>
    <ClInclude Include="Steam\SteamTypes\gameserveritem.h">
      <Filter>Header Files</Filter>
    </ClInclude>
    <ClInclude Include="Steam\SteamTypes\MatchMakingKeyValuePair.h">
      <Filter>Header Files</Filter>
    </ClInclude>
    <ClInclude Include="Steam\SteamTypes\servernetadr.h">
      <Filter>Header Files</Filter>
    </ClInclude>
    <ClInclude Include="Steam\SteamTypes\SteamSalt.h">
      <Filter>Header Files</Filter>
    </ClInclude>
    <ClInclude Include="Steam\SteamTypes\SteamTypes.h">
      <Filter>Header Files</Filter>
    </ClInclude>
    <ClInclude Include="Steam\SteamTypes\Steamworks.h">
      <Filter>Header Files</Filter>
    </ClInclude>
    <ClInclude Include="Steam\SteamTypes\TSteamApp.h">
      <Filter>Header Files</Filter>
    </ClInclude>
    <ClInclude Include="Steam\SteamTypes\TSteamAppDependencyInfo.h">
      <Filter>Header Files</Filter>
    </ClInclude>
    <ClInclude Include="Steam\SteamTypes\TSteamAppLaunchOption.h">
      <Filter>Header Files</Filter>
    </ClInclude>
    <ClInclude Include="Steam\SteamTypes\TSteamAppStats.h">
      <Filter>Header Files</Filter>
    </ClInclude>
    <ClInclude Include="Steam\SteamTypes\TSteamAppVersion.h">
      <Filter>Header Files</Filter>
    </ClInclude>
    <ClInclude Include="Steam\SteamTypes\TSteamDiscountQualifier.h">
      <Filter>Header Files</Filter>
    </ClInclude>
    <ClInclude Include="Steam\SteamTypes\TSteamElemInfo.h">
      <Filter>Header Files</Filter>
    </ClInclude>
    <ClInclude Include="Steam\SteamTypes\TSteamError.h">
      <Filter>Header Files</Filter>
    </ClInclude>
    <ClInclude Include="Steam\SteamTypes\TSteamExternalBillingInfo.h">
      <Filter>Header Files</Filter>
    </ClInclude>
    <ClInclude Include="Steam\SteamTypes\TSteamGlobalUserID.h">
      <Filter>Header Files</Filter>
    </ClInclude>
    <ClInclude Include="Steam\SteamTypes\TSteamOfflineStatus.h">
      <Filter>Header Files</Filter>
    </ClInclude>
    <ClInclude Include="Steam\SteamTypes\TSteamPaymentCardInfo.h">
      <Filter>Header Files</Filter>
    </ClInclude>
    <ClInclude Include="Steam\SteamTypes\TSteamPaymentCardReceiptInfo.h">
      <Filter>Header Files</Filter>
    </ClInclude>
    <ClInclude Include="Steam\SteamTypes\TSteamPrepurchaseInfo.h">
      <Filter>Header Files</Filter>
    </ClInclude>
    <ClInclude Include="Steam\SteamTypes\TSteamPrepurchaseReceiptInfo.h">
      <Filter>Header Files</Filter>
    </ClInclude>
    <ClInclude Include="Steam\SteamTypes\TSteamProgress.h">
      <Filter>Header Files</Filter>
    </ClInclude>
    <ClInclude Include="Steam\SteamTypes\TSteamSplitLocalUserID.h">
      <Filter>Header Files</Filter>
    </ClInclude>
    <ClInclude Include="Steam\SteamTypes\TSteamSubscription.h">
      <Filter>Header Files</Filter>
    </ClInclude>
    <ClInclude Include="Steam\SteamTypes\TSteamSubscriptionBillingInfo.h">
      <Filter>Header Files</Filter>
    </ClInclude>
    <ClInclude Include="Steam\SteamTypes\TSteamSubscriptionDiscount.h">
      <Filter>Header Files</Filter>
    </ClInclude>
    <ClInclude Include="Steam\SteamTypes\TSteamSubscriptionReceipt.h">
      <Filter>Header Files</Filter>
    </ClInclude>
    <ClInclude Include="Steam\SteamTypes\TSteamSubscriptionStats.h">
      <Filter>Header Files</Filter>
    </ClInclude>
    <ClInclude Include="Steam\SteamTypes\TSteamUpdateStats.h">
      <Filter>Header Files</Filter>
    </ClInclude>
    <ClInclude Include="Steam\SteamWrappers\SteamApps.h">
      <Filter>Header Files</Filter>
    </ClInclude>
    <ClInclude Include="Steam\SteamWrappers\SteamClasses.h">
      <Filter>Header Files</Filter>
    </ClInclude>
    <ClInclude Include="Steam\SteamWrappers\SteamFriends.h">
      <Filter>Header Files</Filter>
    </ClInclude>
    <ClInclude Include="Steam\SteamWrappers\SteamGameServer.h">
      <Filter>Header Files</Filter>
    </ClInclude>
    <ClInclude Include="Steam\SteamWrappers\SteamMatchmaking.h">
      <Filter>Header Files</Filter>
    </ClInclude>
    <ClInclude Include="Steam\SteamWrappers\SteamNetworking.h">
      <Filter>Header Files</Filter>
    </ClInclude>
    <ClInclude Include="Steam\SteamWrappers\SteamUser.h">
      <Filter>Header Files</Filter>
    </ClInclude>
    <ClInclude Include="Steam\SteamWrappers\SteamUserStats.h">
      <Filter>Header Files</Filter>
    </ClInclude>
    <ClInclude Include="Steam\SteamWrappers\SteamUtils.h">
      <Filter>Header Files</Filter>
    </ClInclude>
    <ClInclude Include="Steam\SteamCommon.h">
      <Filter>Header Files</Filter>
    </ClInclude>
    <ClInclude Include="External\GlobalVariables.h">
      <Filter>Header Files</Filter>
    </ClInclude>
    <ClInclude Include="Steam\SteamWrappers\SteamClient.h">
      <Filter>Header Files</Filter>
    </ClInclude>
    <ClInclude Include="Steam\Classes\ProxiedClient.h">
      <Filter>Header Files</Filter>
    </ClInclude>
    <ClInclude Include="Steam\Classes\ProxiedContentServer.h">
      <Filter>Header Files</Filter>
    </ClInclude>
    <ClInclude Include="Steam\Classes\ProxiedGameCoordinator.h">
      <Filter>Header Files</Filter>
    </ClInclude>
    <ClInclude Include="Steam\Classes\ProxiedGameServerStats.h">
      <Filter>Header Files</Filter>
    </ClInclude>
    <ClInclude Include="Steam\Classes\ProxiedGameStats.h">
      <Filter>Header Files</Filter>
    </ClInclude>
    <ClInclude Include="Steam\Classes\ProxiedHTTP.h">
      <Filter>Header Files</Filter>
    </ClInclude>
    <ClInclude Include="Steam\Classes\ProxiedMasterServerUpdater.h">
      <Filter>Header Files</Filter>
    </ClInclude>
    <ClInclude Include="Steam\Classes\ProxiedMatchmakingServers.h">
      <Filter>Header Files</Filter>
    </ClInclude>
    <ClInclude Include="Steam\Classes\ProxiedRemoteStorage.h">
      <Filter>Header Files</Filter>
    </ClInclude>
    <ClInclude Include="Steam\SteamWrappers\SteamContentServer.h">
      <Filter>Header Files</Filter>
    </ClInclude>
    <ClInclude Include="Steam\SteamWrappers\SteamGameCoordinator.h">
      <Filter>Header Files</Filter>
    </ClInclude>
    <ClInclude Include="Steam\SteamWrappers\SteamGameServerStats.h">
      <Filter>Header Files</Filter>
    </ClInclude>
    <ClInclude Include="Steam\SteamWrappers\SteamGameStats.h">
      <Filter>Header Files</Filter>
    </ClInclude>
    <ClInclude Include="Steam\SteamWrappers\SteamHTTP.h">
      <Filter>Header Files</Filter>
    </ClInclude>
    <ClInclude Include="Steam\SteamWrappers\SteamMasterServerUpdater.h">
      <Filter>Header Files</Filter>
    </ClInclude>
    <ClInclude Include="Steam\SteamWrappers\SteamMatchmakingServers.h">
      <Filter>Header Files</Filter>
    </ClInclude>
    <ClInclude Include="Steam\SteamWrappers\SteamRemoteStorage.h">
      <Filter>Header Files</Filter>
    </ClInclude>
    <ClInclude Include="Steam\InterfaceManager.h">
      <Filter>Header Files</Filter>
    </ClInclude>
  </ItemGroup>
</Project>